
Microsoft Visual Studio Solution File, Format Version 12.00
# Visual Studio Version 16
VisualStudioVersion = 16.0.28803.352
MinimumVisualStudioVersion = 10.0.40219.1
Project("{8BC9CEB8-8B4A-11D0-8D11-00A0C91BC942}") = "library_finder", "library_finder\library_finder.vcxproj", "{DCCE33DE-C18A-4123-9D59-895EFBEB780A}"
EndProject
Global
	GlobalSection(SolutionConfigurationPlatforms) = preSolution
		Debug|x64 = Debug|x64
		Debug|x86 = Debug|x86
		Release|x64 = Release|x64
		Release|x86 = Release|x86
	EndGlobalSection
	GlobalSection(ProjectConfigurationPlatforms) = postSolution
		{DCCE33DE-C18A-4123-9D59-895EFBEB780A}.Debug|x64.ActiveCfg = Debug|x64
		{DCCE33DE-C18A-4123-9D59-895EFBEB780A}.Debug|x64.Build.0 = Debug|x64
		{DCCE33DE-C18A-4123-9D59-895EFBEB780A}.Debug|x86.ActiveCfg = Debug|Win32
		{DCCE33DE-C18A-4123-9D59-895EFBEB780A}.Debug|x86.Build.0 = Debug|Win32
		{DCCE33DE-C18A-4123-9D59-895EFBEB780A}.Release|x64.ActiveCfg = Release|x64
		{DCCE33DE-C18A-4123-9D59-895EFBEB780A}.Release|x64.Build.0 = Release|x64
		{DCCE33DE-C18A-4123-9D59-895EFBEB780A}.Release|x86.ActiveCfg = Release|Win32
		{DCCE33DE-C18A-4123-9D59-895EFBEB780A}.Release|x86.Build.0 = Release|Win32
	EndGlobalSection
	GlobalSection(SolutionProperties) = preSolution
		HideSolutionNode = FALSE
	EndGlobalSection
	GlobalSection(ExtensibilityGlobals) = postSolution
		SolutionGuid = {467A929C-AC1B-4470-9765-A1278F49295A}
	EndGlobalSection
EndGlobal
